
Microsoft Visual Studio Solution File, Format Version 12.00
# Visual Studio Version 17
VisualStudioVersion = 17.4.33213.308
MinimumVisualStudioVersion = 10.0.40219.1
Project("{9A19103F-16F7-4668-BE54-9A1E7A4F7556}") = "Oxide.Compiler", "src\Oxide.Compiler.csproj", "{A24BDCBE-15A8-465D-B934-71F2B31E7E17}"
EndProject
Project("{9A19103F-16F7-4668-BE54-9A1E7A4F7556}") = "SingleFileExtractor.Core", "..\SingleFileExtractor\src\SingleFileExtractor.Core\SingleFileExtractor.Core.csproj", "{175F3832-62FE-4050-BED4-811F6D4D04C6}"
EndProject
Project("{9A19103F-16F7-4668-BE54-9A1E7A4F7556}") = "PolySharp.SourceGenerators", "..\PolySharp\src\PolySharp.SourceGenerators\PolySharp.SourceGenerators.csproj", "{47367AE8-6714-429E-9D09-C31EE9FF9716}"
EndProject
Global
	GlobalSection(SolutionConfigurationPlatforms) = preSolution
		Debug|Any CPU = Debug|Any CPU
		Release|Any CPU = Release|Any CPU
	EndGlobalSection
	GlobalSection(ProjectConfigurationPlatforms) = postSolution
		{A24BDCBE-15A8-465D-B934-71F2B31E7E17}.Debug|Any CPU.ActiveCfg = Debug|Any CPU
		{A24BDCBE-15A8-465D-B934-71F2B31E7E17}.Debug|Any CPU.Build.0 = Debug|Any CPU
		{A24BDCBE-15A8-465D-B934-71F2B31E7E17}.Release|Any CPU.ActiveCfg = Release|Any CPU
		{A24BDCBE-15A8-465D-B934-71F2B31E7E17}.Release|Any CPU.Build.0 = Release|Any CPU
		{175F3832-62FE-4050-BED4-811F6D4D04C6}.Debug|Any CPU.ActiveCfg = Debug|Any CPU
		{175F3832-62FE-4050-BED4-811F6D4D04C6}.Debug|Any CPU.Build.0 = Debug|Any CPU
		{175F3832-62FE-4050-BED4-811F6D4D04C6}.Release|Any CPU.ActiveCfg = Release|Any CPU
		{175F3832-62FE-4050-BED4-811F6D4D04C6}.Release|Any CPU.Build.0 = Release|Any CPU
		{47367AE8-6714-429E-9D09-C31EE9FF9716}.Debug|Any CPU.ActiveCfg = Debug|Any CPU
		{47367AE8-6714-429E-9D09-C31EE9FF9716}.Debug|Any CPU.Build.0 = Debug|Any CPU
		{47367AE8-6714-429E-9D09-C31EE9FF9716}.Release|Any CPU.ActiveCfg = Release|Any CPU
		{47367AE8-6714-429E-9D09-C31EE9FF9716}.Release|Any CPU.Build.0 = Release|Any CPU
	EndGlobalSection
	GlobalSection(SolutionProperties) = preSolution
		HideSolutionNode = FALSE
	EndGlobalSection
	GlobalSection(ExtensibilityGlobals) = postSolution
		SolutionGuid = {E4E6E592-ECCD-4908-8838-E312F5B97B10}
	EndGlobalSection
EndGlobal
